{
  "nodes": {
    "asus-fan-control-src": {
      "flake": false,
      "locked": {
        "lastModified": 1771353901,
        "narHash": "sha256-jMIS7cJqh+2YQzGbluZ3nq3G+YEmIRycH6WyMAapvZI=",
        "owner": "dominiksalvet",
        "repo": "asus-fan-control",
        "rev": "d027982431361e2e7593d83ee19f737572c18a71",
        "type": "github"
      },
      "original": {
        "owner": "dominiksalvet",
        "repo": "asus-fan-control",
        "type": "github"
      }
    },
    "base16-schemes": {
      "flake": false,
      "locked": {
        "lastModified": 1696158499,
        "narHash": "sha256-5yIHgDTPjoX/3oDEfLSQ0eJZdFL1SaCfb9d6M0RmOTM=",
        "owner": "tinted-theming",
        "repo": "base16-schemes",
        "rev": "a9112eaae86d9dd8ee6bb9445b664fba2f94037a",
        "type": "github"
      },
      "original": {
        "owner": "tinted-theming",
        "repo": "base16-schemes",
        "type": "github"
      }
    },
    "engram-src": {
      "flake": false,
      "locked": {
        "lastModified": 1778801812,
        "narHash": "sha256-EJilI+OKeBJ0elbsOi9ch+q+cICi3DYJ1FijvxXF3DA=",
        "owner": "Gentleman-Programming",
        "repo": "engram",
        "rev": "6976950516524d41a007bccc0e3f23baaaddefa4",
        "type": "github"
      },
      "original": {
        "owner": "Gentleman-Programming",
        "ref": "v1.15.13",
        "repo": "engram",
        "type": "github"
      }
    },
    "gentle-ai-src": {
      "flake": false,
      "locked": {
        "lastModified": 1779124228,
        "narHash": "sha256-XJlza7BKfkKwo3FhSedYkIPRKzPq1YX9dSmZWOtYh2Q=",
        "owner": "Gentleman-Programming",
        "repo": "gentle-ai",
        "rev": "00e600082834bcb3c080bbb96dd36f5421c2a73c",
        "type": "github"
      },
      "original": {
        "owner": "Gentleman-Programming",
        "ref": "v1.30.3",
        "repo": "gentle-ai",
        "type": "github"
      }
    },
    "home-manager": {
      "inputs": {
        "nixpkgs": [
          "nixpkgs"
        ]
      },
      "locked": {
        "lastModified": 1779125151,
        "narHash": "sha256-bPHT0oJAHe5a43lkkSGAiCEg/RBqpwv5xsFrcj+Bog8=",
        "owner": "nix-community",
        "repo": "home-manager",
        "rev": "fab3fd7327a0ac7a1fae5095bf140377704fac7f",
        "type": "github"
      },
      "original": {
        "owner": "nix-community",
        "ref": "master",
        "repo": "home-manager",
        "type": "github"
      }
    },
    "nix-colors": {
      "inputs": {
        "base16-schemes": "base16-schemes",
        "nixpkgs-lib": "nixpkgs-lib"
      },
      "locked": {
        "lastModified": 1707825078,
        "narHash": "sha256-hTfge2J2W+42SZ7VHXkf4kjU+qzFqPeC9k66jAUBMHk=",
        "owner": "misterio77",
        "repo": "nix-colors",
        "rev": "b01f024090d2c4fc3152cd0cf12027a7b8453ba1",
        "type": "github"
      },
      "original": {
        "owner": "misterio77",
        "repo": "nix-colors",
        "type": "github"
      }
    },
    "nixpkgs": {
      "locked": {
        "lastModified": 1778869304,
        "narHash": "sha256-30sZNZoA1cqF5JNO9fVX+wgiQYjB7HJqqJ4ztCDeBZE=",
        "owner": "NixOS",
        "repo": "nixpkgs",
        "rev": "d233902339c02a9c334e7e593de68855ad26c4cb",
        "type": "github"
      },
      "original": {
        "owner": "NixOS",
        "ref": "nixos-unstable",
        "repo": "nixpkgs",
        "type": "github"
      }
    },
    "nixpkgs-lib": {
      "locked": {
        "lastModified": 1697935651,
        "narHash": "sha256-qOfWjQ2JQSQL15KLh6D7xQhx0qgZlYZTYlcEiRuAMMw=",
        "owner": "nix-community",
        "repo": "nixpkgs.lib",
        "rev": "e1e11fdbb01113d85c7f41cada9d2847660e3902",
        "type": "github"
      },
      "original": {
        "owner": "nix-community",
        "repo": "nixpkgs.lib",
        "type": "github"
      }
    },
    "nvim-config": {
      "flake": false,
      "locked": {
        "lastModified": 1776049188,
        "narHash": "sha256-7CUGbV9DibuERk0s7uwSDAzwMzz05XkX1wqRwmyTEpc=",
        "owner": "j1cs",
        "repo": "nvim",
        "rev": "b1892b256e14cc5cae2f00578762b1aecbf663e0",
        "type": "github"
      },
      "original": {
        "owner": "j1cs",
        "repo": "nvim",
        "type": "github"
      }
    },
    "pipewire-module-xrdp-src": {
      "flake": false,
      "locked": {
        "lastModified": 1774344537,
        "narHash": "sha256-t3xtbvPVRnkyJOJka6sYoyk1bw/ddd9+xfs+eMh+95Y=",
        "owner": "neutrinolabs",
        "repo": "pipewire-module-xrdp",
        "rev": "a6e268b17093f8aab4e0fed9dcb23eaf87f7101c",
        "type": "github"
      },
      "original": {
        "owner": "neutrinolabs",
        "repo": "pipewire-module-xrdp",
        "type": "github"
      }
    },
    "root": {
      "inputs": {
        "asus-fan-control-src": "asus-fan-control-src",
        "engram-src": "engram-src",
        "gentle-ai-src": "gentle-ai-src",
        "home-manager": "home-manager",
        "nix-colors": "nix-colors",
        "nixpkgs": "nixpkgs",
        "nvim-config": "nvim-config",
        "pipewire-module-xrdp-src": "pipewire-module-xrdp-src",
        "sdd-engram-plugin": "sdd-engram-plugin",
        "sops-nix": "sops-nix",
        "sub-agent-statusline": "sub-agent-statusline"
      }
    },
    "sdd-engram-plugin": {
      "flake": false,
      "locked": {
        "lastModified": 1778759588,
        "narHash": "sha256-MGYtSudhjRlHZzYPMu7we1ijkhs621kdUzbMsfM+xVQ=",
        "owner": "j0k3r-dev-rgl",
        "repo": "sdd-engram-plugin",
        "rev": "062e60090ed9b422563fa96ed9652a70f18b20f6",
        "type": "github"
      },
      "original": {
        "owner": "j0k3r-dev-rgl",
        "repo": "sdd-engram-plugin",
        "type": "github"
      }
    },
    "sops-nix": {
      "inputs": {
        "nixpkgs": [
          "nixpkgs"
        ]
      },
      "locked": {
        "lastModified": 1777944972,
        "narHash": "sha256-VfGRo1qTBKOe3s2gOv8LSoA6Fk19PvBlwQ1ECN0Evn8=",
        "owner": "Mic92",
        "repo": "sops-nix",
        "rev": "c591bf665727040c6cc5cb409079acb22dcce33c",
        "type": "github"
      },
      "original": {
        "owner": "Mic92",
        "repo": "sops-nix",
        "type": "github"
      }
    },
    "sub-agent-statusline": {
      "flake": false,
      "locked": {
        "lastModified": 1779130769,
        "narHash": "sha256-kchSyINjaa+ROVjBg+zLfkzqCoX4jdyAJpSrcgvZlMU=",
        "owner": "Joaquinvesapa",
        "repo": "sub-agent-statusline",
        "rev": "2ef9472639ffc66e5d26ba0a8a04108cb2fd5349",
        "type": "github"
      },
      "original": {
        "owner": "Joaquinvesapa",
        "repo": "sub-agent-statusline",
        "type": "github"
      }
    }
  },
  "root": "root",
  "version": 7
}
