{
  "nodes": {
    "asus-fan-control-src": {
      "flake": false,
      "locked": {
        "lastModified": 1771353901,
        "narHash": "sha256-jMIS7cJqh+2YQzGbluZ3nq3G+YEmIRycH6WyMAapvZI=",
        "owner": "dominiksalvet",
        "repo": "asus-fan-control",
        "rev": "d027982431361e2e7593d83ee19f737572c18a71",
        "type": "github"
      },
      "original": {
        "owner": "dominiksalvet",
        "repo": "asus-fan-control",
        "type": "github"
      }
    },
    "base16-schemes": {
      "flake": false,
      "locked": {
        "lastModified": 1696158499,
        "narHash": "sha256-5yIHgDTPjoX/3oDEfLSQ0eJZdFL1SaCfb9d6M0RmOTM=",
        "owner": "tinted-theming",
        "repo": "base16-schemes",
        "rev": "a9112eaae86d9dd8ee6bb9445b664fba2f94037a",
        "type": "github"
      },
      "original": {
        "owner": "tinted-theming",
        "repo": "base16-schemes",
        "type": "github"
      }
    },
    "engram-src": {
      "flake": false,
      "locked": {
        "lastModified": 1777585027,
        "narHash": "sha256-HXn+PJzfhuYwzqnFKT+nWr1QTGtk9wIaZGLArMd9WME=",
        "owner": "Gentleman-Programming",
        "repo": "engram",
        "rev": "f3c14a877abb063b925e860db95cc7bf165ff897",
        "type": "github"
      },
      "original": {
        "owner": "Gentleman-Programming",
        "ref": "v1.15.1",
        "repo": "engram",
        "type": "github"
      }
    },
    "gentle-ai-src": {
      "flake": false,
      "locked": {
        "lastModified": 1777823423,
        "narHash": "sha256-9BWLNe+qJaWN8hAH/+0wBikTpXApKSqw7nxQOgL4sSk=",
        "owner": "Gentleman-Programming",
        "repo": "gentle-ai",
        "rev": "4e0448c5c20e5c56151bfaeb134fcbb5d4d319ad",
        "type": "github"
      },
      "original": {
        "owner": "Gentleman-Programming",
        "ref": "v1.25.4",
        "repo": "gentle-ai",
        "type": "github"
      }
    },
    "home-manager": {
      "inputs": {
        "nixpkgs": [
          "nixpkgs"
        ]
      },
      "locked": {
        "lastModified": 1777815398,
        "narHash": "sha256-MrIhEoqXc4YsHEUfH4rDU/K09XnWcKntNhCjs7n7zi8=",
        "owner": "nix-community",
        "repo": "home-manager",
        "rev": "b5e86c1b19f178a8ee10f7cb747325e02e3d3991",
        "type": "github"
      },
      "original": {
        "owner": "nix-community",
        "ref": "master",
        "repo": "home-manager",
        "type": "github"
      }
    },
    "nix-colors": {
      "inputs": {
        "base16-schemes": "base16-schemes",
        "nixpkgs-lib": "nixpkgs-lib"
      },
      "locked": {
        "lastModified": 1707825078,
        "narHash": "sha256-hTfge2J2W+42SZ7VHXkf4kjU+qzFqPeC9k66jAUBMHk=",
        "owner": "misterio77",
        "repo": "nix-colors",
        "rev": "b01f024090d2c4fc3152cd0cf12027a7b8453ba1",
        "type": "github"
      },
      "original": {
        "owner": "misterio77",
        "repo": "nix-colors",
        "type": "github"
      }
    },
    "nixpkgs": {
      "locked": {
        "lastModified": 1777578337,
        "narHash": "sha256-Ad49moKWeXtKBJNy2ebiTQUEgdLyvGmTeykAQ9xM+Z4=",
        "owner": "NixOS",
        "repo": "nixpkgs",
        "rev": "15f4ee454b1dce334612fa6843b3e05cf546efab",
        "type": "github"
      },
      "original": {
        "owner": "NixOS",
        "ref": "nixos-unstable",
        "repo": "nixpkgs",
        "type": "github"
      }
    },
    "nixpkgs-lib": {
      "locked": {
        "lastModified": 1697935651,
        "narHash": "sha256-qOfWjQ2JQSQL15KLh6D7xQhx0qgZlYZTYlcEiRuAMMw=",
        "owner": "nix-community",
        "repo": "nixpkgs.lib",
        "rev": "e1e11fdbb01113d85c7f41cada9d2847660e3902",
        "type": "github"
      },
      "original": {
        "owner": "nix-community",
        "repo": "nixpkgs.lib",
        "type": "github"
      }
    },
    "nvim-config": {
      "flake": false,
      "locked": {
        "lastModified": 1776049188,
        "narHash": "sha256-7CUGbV9DibuERk0s7uwSDAzwMzz05XkX1wqRwmyTEpc=",
        "owner": "j1cs",
        "repo": "nvim",
        "rev": "b1892b256e14cc5cae2f00578762b1aecbf663e0",
        "type": "github"
      },
      "original": {
        "owner": "j1cs",
        "repo": "nvim",
        "type": "github"
      }
    },
    "pipewire-module-xrdp-src": {
      "flake": false,
      "locked": {
        "lastModified": 1774344537,
        "narHash": "sha256-t3xtbvPVRnkyJOJka6sYoyk1bw/ddd9+xfs+eMh+95Y=",
        "owner": "neutrinolabs",
        "repo": "pipewire-module-xrdp",
        "rev": "a6e268b17093f8aab4e0fed9dcb23eaf87f7101c",
        "type": "github"
      },
      "original": {
        "owner": "neutrinolabs",
        "repo": "pipewire-module-xrdp",
        "type": "github"
      }
    },
    "root": {
      "inputs": {
        "asus-fan-control-src": "asus-fan-control-src",
        "engram-src": "engram-src",
        "gentle-ai-src": "gentle-ai-src",
        "home-manager": "home-manager",
        "nix-colors": "nix-colors",
        "nixpkgs": "nixpkgs",
        "nvim-config": "nvim-config",
        "pipewire-module-xrdp-src": "pipewire-module-xrdp-src",
        "sdd-engram-plugin": "sdd-engram-plugin",
        "sops-nix": "sops-nix",
        "sub-agent-statusline": "sub-agent-statusline"
      }
    },
    "sdd-engram-plugin": {
      "flake": false,
      "locked": {
        "lastModified": 1777844168,
        "narHash": "sha256-MH7XK6fks6trPClYRON52uzDf8fes0X4nezVOhrgNso=",
        "owner": "j0k3r-dev-rgl",
        "repo": "sdd-engram-plugin",
        "rev": "feb8876fd518f9b916bdf6cc237f483b47768bbd",
        "type": "github"
      },
      "original": {
        "owner": "j0k3r-dev-rgl",
        "repo": "sdd-engram-plugin",
        "type": "github"
      }
    },
    "sops-nix": {
      "inputs": {
        "nixpkgs": [
          "nixpkgs"
        ]
      },
      "locked": {
        "lastModified": 1777338324,
        "narHash": "sha256-bc+ZZCmOTNq86/svGnw0tVpH7vJaLYvGLLKFYP08Q8E=",
        "owner": "Mic92",
        "repo": "sops-nix",
        "rev": "8eaee5c45428b28b8c47a83e4c09dccec5f279b5",
        "type": "github"
      },
      "original": {
        "owner": "Mic92",
        "repo": "sops-nix",
        "type": "github"
      }
    },
    "sub-agent-statusline": {
      "flake": false,
      "locked": {
        "lastModified": 1777646929,
        "narHash": "sha256-jfX2l8Pf3FDnYyndqIaSClIoSl3JwJC2WqXTba/+z1E=",
        "owner": "Joaquinvesapa",
        "repo": "sub-agent-statusline",
        "rev": "01d1ca4d12f95fc1978e921a07f083c0f12a9cd8",
        "type": "github"
      },
      "original": {
        "owner": "Joaquinvesapa",
        "repo": "sub-agent-statusline",
        "type": "github"
      }
    }
  },
  "root": "root",
  "version": 7
}
